
Microsoft Visual Studio Solution File, Format Version 12.00
# Visual Studio Version 17
VisualStudioVersion = 17.13.35931.197 d17.13
MinimumVisualStudioVersion = 10.0.40219.1
Project("{FAE04EC0-301F-11D3-BF4B-00C04F79EFBC}") = "LibraryManagement", "LibraryManagement.API\LibraryManagement.csproj", "{E15A2E91-6D9C-4BA4-8592-F2AFF06BB5A9}"
EndProject
Project("{2150E333-8FDC-42A3-9474-1A3956D46DE8}") = "API", "API", "{02EA681E-C7D8-13C7-8484-4AC65E1B71E8}"
EndProject
Project("{2150E333-8FDC-42A3-9474-1A3956D46DE8}") = "Domain", "Domain", "{0BE124CB-7294-425F-900F-BA334EAA65B7}"
EndProject
Project("{2150E333-8FDC-42A3-9474-1A3956D46DE8}") = "Application", "Application", "{4986BDB0-7D45-4BDC-ACCC-58CD69C017C4}"
EndProject
Project("{2150E333-8FDC-42A3-9474-1A3956D46DE8}") = "Infrastructure", "Infrastructure", "{6A96E1F6-6CC9-4D46-B49C-474E1B0A09DE}"
EndProject
Project("{2150E333-8FDC-42A3-9474-1A3956D46DE8}") = "Entity", "Entity", "{E18C4D35-BEEB-4EDF-BE1A-5987D903239E}"
EndProject
Project("{2150E333-8FDC-42A3-9474-1A3956D46DE8}") = "Interface", "Interface", "{927DBB20-207C-4DD6-AAF9-78837BEECC1A}"
EndProject
Project("{2150E333-8FDC-42A3-9474-1A3956D46DE8}") = "Context", "Context", "{F5A16BC7-BC31-4AB0-B13C-7A1175271CBE}"
EndProject
Project("{2150E333-8FDC-42A3-9474-1A3956D46DE8}") = "UnitOfWork", "UnitOfWork", "{50E67327-4328-4089-87DF-032B3F484CE8}"
EndProject
Project("{2150E333-8FDC-42A3-9474-1A3956D46DE8}") = "Repository", "Repository", "{3911AFDC-D677-40F1-A64D-0C49F3261F92}"
EndProject
Project("{2150E333-8FDC-42A3-9474-1A3956D46DE8}") = "DTO's", "DTO's", "{3A6F4025-4145-4119-8373-C41C980F4A14}"
EndProject
Project("{2150E333-8FDC-42A3-9474-1A3956D46DE8}") = "Interfaces", "Interfaces", "{DC6ECE01-1718-4BB9-95BE-C25FEFCA998A}"
EndProject
Project("{2150E333-8FDC-42A3-9474-1A3956D46DE8}") = "Mappings", "Mappings", "{73097501-7AAB-4491-9AC2-F603CC4ADF92}"
EndProject
Project("{2150E333-8FDC-42A3-9474-1A3956D46DE8}") = "Services", "Services", "{ABE540F5-706C-4F21-8B53-96A081376BB0}"
EndProject
Project("{2150E333-8FDC-42A3-9474-1A3956D46DE8}") = "ResponseDTO's", "ResponseDTO's", "{4EE5B10E-3442-49A0-B303-29CB6EEAB40D}"
EndProject
Global
	GlobalSection(SolutionConfigurationPlatforms) = preSolution
		Debug|Any CPU = Debug|Any CPU
		Release|Any CPU = Release|Any CPU
	EndGlobalSection
	GlobalSection(ProjectConfigurationPlatforms) = postSolution
		{E15A2E91-6D9C-4BA4-8592-F2AFF06BB5A9}.Debug|Any CPU.ActiveCfg = Debug|Any CPU
		{E15A2E91-6D9C-4BA4-8592-F2AFF06BB5A9}.Debug|Any CPU.Build.0 = Debug|Any CPU
		{E15A2E91-6D9C-4BA4-8592-F2AFF06BB5A9}.Release|Any CPU.ActiveCfg = Release|Any CPU
		{E15A2E91-6D9C-4BA4-8592-F2AFF06BB5A9}.Release|Any CPU.Build.0 = Release|Any CPU
	EndGlobalSection
	GlobalSection(SolutionProperties) = preSolution
		HideSolutionNode = FALSE
	EndGlobalSection
	GlobalSection(NestedProjects) = preSolution
		{E15A2E91-6D9C-4BA4-8592-F2AFF06BB5A9} = {02EA681E-C7D8-13C7-8484-4AC65E1B71E8}
		{E18C4D35-BEEB-4EDF-BE1A-5987D903239E} = {0BE124CB-7294-425F-900F-BA334EAA65B7}
		{927DBB20-207C-4DD6-AAF9-78837BEECC1A} = {0BE124CB-7294-425F-900F-BA334EAA65B7}
		{F5A16BC7-BC31-4AB0-B13C-7A1175271CBE} = {6A96E1F6-6CC9-4D46-B49C-474E1B0A09DE}
		{50E67327-4328-4089-87DF-032B3F484CE8} = {6A96E1F6-6CC9-4D46-B49C-474E1B0A09DE}
		{3911AFDC-D677-40F1-A64D-0C49F3261F92} = {6A96E1F6-6CC9-4D46-B49C-474E1B0A09DE}
		{3A6F4025-4145-4119-8373-C41C980F4A14} = {4986BDB0-7D45-4BDC-ACCC-58CD69C017C4}
		{DC6ECE01-1718-4BB9-95BE-C25FEFCA998A} = {4986BDB0-7D45-4BDC-ACCC-58CD69C017C4}
		{73097501-7AAB-4491-9AC2-F603CC4ADF92} = {4986BDB0-7D45-4BDC-ACCC-58CD69C017C4}
		{ABE540F5-706C-4F21-8B53-96A081376BB0} = {4986BDB0-7D45-4BDC-ACCC-58CD69C017C4}
		{4EE5B10E-3442-49A0-B303-29CB6EEAB40D} = {4986BDB0-7D45-4BDC-ACCC-58CD69C017C4}
	EndGlobalSection
	GlobalSection(ExtensibilityGlobals) = postSolution
		SolutionGuid = {CC5CF42F-0186-4CBB-94D5-72197A22ED62}
	EndGlobalSection
EndGlobal
